// !$*UTF8*$!
{
	archiveVersion = 1;
	classes = {
	};
	objectVersion = 50;
	objects = {

/* Begin PBXBuildFile section */
		9992346E26A9CE5700689F8C /* AppDelegate.swift in Sources */ = {isa = PBXBuildFile; fileRef = 9992346D26A9CE5700689F8C /* AppDelegate.swift */; };
		9992347026A9CE5700689F8C /* SceneDelegate.swift in Sources */ = {isa = PBXBuildFile; fileRef = 9992346F26A9CE5700689F8C /* SceneDelegate.swift */; };
		9992347226A9CE5700689F8C /* ViewController.swift in Sources */ = {isa = PBXBuildFile; fileRef = 9992347126A9CE5700689F8C /* ViewController.swift */; };
		9992347526A9CE5700689F8C /* Main.storyboard in Resources */ = {isa = PBXBuildFile; fileRef = 9992347326A9CE5700689F8C /* Main.storyboard */; };
		9992347726A9CE5700689F8C /* Assets.xcassets in Resources */ = {isa = PBXBuildFile; fileRef = 9992347626A9CE5700689F8C /* Assets.xcassets */; };
		9992347A26A9CE5700689F8C /* LaunchScreen.storyboard in Resources */ = {isa = PBXBuildFile; fileRef = 9992347826A9CE5700689F8C /* LaunchScreen.storyboard */; };
		9992348226A9D04600689F8C /* SelectViewController.swift in Sources */ = {isa = PBXBuildFile; fileRef = 9992348126A9D04600689F8C /* SelectViewController.swift */; };
		9992348426A9DEDD00689F8C /* SelectDelegate.swift in Sources */ = {isa = PBXBuildFile; fileRef = 9992348326A9DEDD00689F8C /* SelectDelegate.swift */; };
/* End PBXBuildFile section */

/* Begin PBXFileReference section */
		9992346A26A9CE5700689F8C /* Quiz_NavigationLampColor.app */ = {isa = PBXFileReference; explicitFileType = wrapper.application; includeInIndex = 0; path = Quiz_NavigationLampColor.app; sourceTree = BUILT_PRODUCTS_DIR; };
		9992346D26A9CE5700689F8C /* AppDelegate.swift */ = {isa = PBXFileReference; lastKnownFileType = sourcecode.swift; path = AppDelegate.swift; sourceTree = "<group>"; };
		9992346F26A9CE5700689F8C /* SceneDelegate.swift */ = {isa = PBXFileReference; lastKnownFileType = sourcecode.swift; path = SceneDelegate.swift; sourceTree = "<group>"; };
		9992347126A9CE5700689F8C /* ViewController.swift */ = {isa = PBXFileReference; lastKnownFileType = sourcecode.swift; path = ViewController.swift; sourceTree = "<group>"; };
		9992347426A9CE5700689F8C /* Base */ = {isa = PBXFileReference; lastKnownFileType = file.storyboard; name = Base; path = Base.lproj/Main.storyboard; sourceTree = "<group>"; };
		9992347626A9CE5700689F8C /* Assets.xcassets */ = {isa = PBXFileReference; lastKnownFileType = folder.assetcatalog; path = Assets.xcassets; sourceTree = "<group>"; };
		9992347926A9CE5700689F8C /* Base */ = {isa = PBXFileReference; lastKnownFileType = file.storyboard; name = Base; path = Base.lproj/LaunchScreen.storyboard; sourceTree = "<group>"; };
		9992347B26A9CE5700689F8C /* Info.plist */ = {isa = PBXFileReference; lastKnownFileType = text.plist.xml; path = Info.plist; sourceTree = "<group>"; };
		9992348126A9D04600689F8C /* SelectViewController.swift */ = {isa = PBXFileReference; lastKnownFileType = sourcecode.swift; path = SelectViewController.swift; sourceTree = "<group>"; };
		9992348326A9DEDD00689F8C /* SelectDelegate.swift */ = {isa = PBXFileReference; lastKnownFileType = sourcecode.swift; path = SelectDelegate.swift; sourceTree = "<group>"; };
/* End PBXFileReference section */

/* Begin PBXFrameworksBuildPhase section */
		9992346726A9CE5700689F8C /* Frameworks */ = {
			isa = PBXFrameworksBuildPhase;
			buildActionMask = 2147483647;
			files = (
			);
			runOnlyForDeploymentPostprocessing = 0;
		};
/* End PBXFrameworksBuildPhase section */

/* Begin PBXGroup section */
		9992346126A9CE5700689F8C = {
			isa = PBXGroup;
			children = (
				9992346C26A9CE5700689F8C /* Quiz_NavigationLampColor */,
				9992346B26A9CE5700689F8C /* Products */,
			);
			sourceTree = "<group>";
		};
		9992346B26A9CE5700689F8C /* Products */ = {
			isa = PBXGroup;
			children = (
				9992346A26A9CE5700689F8C /* Quiz_NavigationLampColor.app */,
			);
			name = Products;
			sourceTree = "<group>";
		};
		9992346C26A9CE5700689F8C /* Quiz_NavigationLampColor */ = {
			isa = PBXGroup;
			children = (
				9992346D26A9CE5700689F8C /* AppDelegate.swift */,
				9992346F26A9CE5700689F8C /* SceneDelegate.swift */,
				9992347126A9CE5700689F8C /* ViewController.swift */,
				9992348126A9D04600689F8C /* SelectViewController.swift */,
				9992347326A9CE5700689F8C /* Main.storyboard */,
				9992347626A9CE5700689F8C /* Assets.xcassets */,
				9992347826A9CE5700689F8C /* LaunchScreen.storyboard */,
				9992347B26A9CE5700689F8C /* Info.plist */,
				9992348326A9DEDD00689F8C /* SelectDelegate.swift */,
			);
			path = Quiz_NavigationLampColor;
			sourceTree = "<group>";
		};
/* End PBXGroup section */

/* Begin PBXNativeTarget section */
		9992346926A9CE5700689F8C /* Quiz_NavigationLampColor */ = {
			isa = PBXNativeTarget;
			buildConfigurationList = 9992347E26A9CE5700689F8C /* Build configuration list for PBXNativeTarget "Quiz_NavigationLampColor" */;
			buildPhases = (
				9992346626A9CE5700689F8C /* Sources */,
				9992346726A9CE5700689F8C /* Frameworks */,
				9992346826A9CE5700689F8C /* Resources */,
			);
			buildRules = (
			);
			dependencies = (
			);
			name = Quiz_NavigationLampColor;
			productName = Quiz_NavigationLampColor;
			productReference = 9992346A26A9CE5700689F8C /* Quiz_NavigationLampColor.app */;
			productType = "com.apple.product-type.application";
		};
/* End PBXNativeTarget section */

/* Begin PBXProject section */
		9992346226A9CE5700689F8C /* Project object */ = {
			isa = PBXProject;
			attributes = {
				LastSwiftUpdateCheck = 1250;
				LastUpgradeCheck = 1250;
				TargetAttributes = {
					9992346926A9CE5700689F8C = {
						CreatedOnToolsVersion = 12.5.1;
					};
				};
			};
			buildConfigurationList = 9992346526A9CE5700689F8C /* Build configuration list for PBXProject "Quiz_NavigationLampColor" */;
			compatibilityVersion = "Xcode 9.3";
			developmentRegion = en;
			hasScannedForEncodings = 0;
			knownRegions = (
				en,
				Base,
			);
			mainGroup = 9992346126A9CE5700689F8C;
			productRefGroup = 9992346B26A9CE5700689F8C /* Products */;
			projectDirPath = "";
			projectRoot = "";
			targets = (
				9992346926A9CE5700689F8C /* Quiz_NavigationLampColor */,
			);
		};
/* End PBXProject section */

/* Begin PBXResourcesBuildPhase section */
		9992346826A9CE5700689F8C /* Resources */ = {
			isa = PBXResourcesBuildPhase;
			buildActionMask = 2147483647;
			files = (
				9992347A26A9CE5700689F8C /* LaunchScreen.storyboard in Resources */,
				9992347726A9CE5700689F8C /* Assets.xcassets in Resources */,
				9992347526A9CE5700689F8C /* Main.storyboard in Resources */,
			);
			runOnlyForDeploymentPostprocessing = 0;
		};
/* End PBXResourcesBuildPhase section */

/* Begin PBXSourcesBuildPhase section */
		9992346626A9CE5700689F8C /* Sources */ = {
			isa = PBXSourcesBuildPhase;
			buildActionMask = 2147483647;
			files = (
				9992348426A9DEDD00689F8C /* SelectDelegate.swift in Sources */,
				9992348226A9D04600689F8C /* SelectViewController.swift in Sources */,
				9992347226A9CE5700689F8C /* ViewController.swift in Sources */,
				9992346E26A9CE5700689F8C /* AppDelegate.swift in Sources */,
				9992347026A9CE5700689F8C /* SceneDelegate.swift in Sources */,
			);
			runOnlyForDeploymentPostprocessing = 0;
		};
/* End PBXSourcesBuildPhase section */

/* Begin PBXVariantGroup section */
		9992347326A9CE5700689F8C /* Main.storyboard */ = {
			isa = PBXVariantGroup;
			children = (
				9992347426A9CE5700689F8C /* Base */,
			);
			name = Main.storyboard;
			sourceTree = "<group>";
		};
		9992347826A9CE5700689F8C /* LaunchScreen.storyboard */ = {
			isa = PBXVariantGroup;
			children = (
				9992347926A9CE5700689F8C /* Base */,
			);
			name = LaunchScreen.storyboard;
			sourceTree = "<group>";
		};
/* End PBXVariantGroup section */

/* Begin XCBuildConfiguration section */
		9992347C26A9CE5700689F8C /* Debug */ = {
			isa = XCBuildConfiguration;
			buildSettings = {
				ALWAYS_SEARCH_USER_PATHS = NO;
				CLANG_ANALYZER_NONNULL = YES;
				CLANG_ANALYZER_NUMBER_OBJECT_CONVERSION = YES_AGGRESSIVE;
				CLANG_CXX_LANGUAGE_STANDARD = "gnu++14";
				CLANG_CXX_LIBRARY = "libc++";
				CLANG_ENABLE_MODULES = YES;
				CLANG_ENABLE_OBJC_ARC = YES;
				CLANG_ENABLE_OBJC_WEAK = YES;
				CLANG_WARN_BLOCK_CAPTURE_AUTORELEASING = YES;
				CLANG_WARN_BOOL_CONVERSION = YES;
				CLANG_WARN_COMMA = YES;
				CLANG_WARN_CONSTANT_CONVERSION = YES;
				CLANG_WARN_DEPRECATED_OBJC_IMPLEMENTATIONS = YES;
				CLANG_WARN_DIRECT_OBJC_ISA_USAGE = YES_ERROR;
				CLANG_WARN_DOCUMENTATION_COMMENTS = YES;
				CLANG_WARN_EMPTY_BODY = YES;
				CLANG_WARN_ENUM_CONVERSION = YES;
				CLANG_WARN_INFINITE_RECURSION = YES;
				CLANG_WARN_INT_CONVERSION = YES;
				CLANG_WARN_NON_LITERAL_NULL_CONVERSION = YES;
				CLANG_WARN_OBJC_IMPLICIT_RETAIN_SELF = YES;
				CLANG_WARN_OBJC_LITERAL_CONVERSION = YES;
				CLANG_WARN_OBJC_ROOT_CLASS = YES_ERROR;
				CLANG_WARN_QUOTED_INCLUDE_IN_FRAMEWORK_HEADER = YES;
				CLANG_WARN_RANGE_LOOP_ANALYSIS = YES;
				CLANG_WARN_STRICT_PROTOTYPES = YES;
				CLANG_WARN_SUSPICIOUS_MOVE = YES;
				CLANG_WARN_UNGUARDED_AVAILABILITY = YES_AGGRESSIVE;
				CLANG_WARN_UNREACHABLE_CODE = YES;
				CLANG_WARN__DUPLICATE_METHOD_MATCH = YES;
				COPY_PHASE_STRIP = NO;
				DEBUG_INFORMATION_FORMAT = dwarf;
				ENABLE_STRICT_OBJC_MSGSEND = YES;
				ENABLE_TESTABILITY = YES;
				GCC_C_LANGUAGE_STANDARD = gnu11;
				GCC_DYNAMIC_NO_PIC = NO;
				GCC_NO_COMMON_BLOCKS = YES;
				GCC_OPTIMIZATION_LEVEL = 0;
				GCC_PREPROCESSOR_DEFINITIONS = (
					"DEBUG=1",
					"$(inherited)",
				);
				GCC_WARN_64_TO_32_BIT_CONVERSION = YES;
				GCC_WARN_ABOUT_RETURN_TYPE = YES_ERROR;
				GCC_WARN_UNDECLARED_SELECTOR = YES;
				GCC_WARN_UNINITIALIZED_AUTOS = YES_AGGRESSIVE;
				GCC_WARN_UNUSED_FUNCTION = YES;
				GCC_WARN_UNUSED_VARIABLE = YES;
				IPHONEOS_DEPLOYMENT_TARGET = 14.5;
				MTL_ENABLE_DEBUG_INFO = INCLUDE_SOURCE;
				MTL_FAST_MATH = YES;
				ONLY_ACTIVE_ARCH = YES;
				SDKROOT = iphoneos;
				SWIFT_ACTIVE_COMPILATION_CONDITIONS = DEBUG;
				SWIFT_OPTIMIZATION_LEVEL = "-Onone";
			};
			name = Debug;
		};
		9992347D26A9CE5700689F8C /* Release */ = {
			isa = XCBuildConfiguration;
			buildSettings = {
				ALWAYS_SEARCH_USER_PATHS = NO;
				CLANG_ANALYZER_NONNULL = YES;
				CLANG_ANALYZER_NUMBER_OBJECT_CONVERSION = YES_AGGRESSIVE;
				CLANG_CXX_LANGUAGE_STANDARD = "gnu++14";
				CLANG_CXX_LIBRARY = "libc++";
				CLANG_ENABLE_MODULES = YES;
				CLANG_ENABLE_OBJC_ARC = YES;
				CLANG_ENABLE_OBJC_WEAK = YES;
				CLANG_WARN_BLOCK_CAPTURE_AUTORELEASING = YES;
				CLANG_WARN_BOOL_CONVERSION = YES;
				CLANG_WARN_COMMA = YES;
				CLANG_WARN_CONSTANT_CONVERSION = YES;
				CLANG_WARN_DEPRECATED_OBJC_IMPLEMENTATIONS = YES;
				CLANG_WARN_DIRECT_OBJC_ISA_USAGE = YES_ERROR;
				CLANG_WARN_DOCUMENTATION_COMMENTS = YES;
				CLANG_WARN_EMPTY_BODY = YES;
				CLANG_WARN_ENUM_CONVERSION = YES;
				CLANG_WARN_INFINITE_RECURSION = YES;
				CLANG_WARN_INT_CONVERSION = YES;
				CLANG_WARN_NON_LITERAL_NULL_CONVERSION = YES;
				CLANG_WARN_OBJC_IMPLICIT_RETAIN_SELF = YES;
				CLANG_WARN_OBJC_LITERAL_CONVERSION = YES;
				CLANG_WARN_OBJC_ROOT_CLASS = YES_ERROR;
				CLANG_WARN_QUOTED_INCLUDE_IN_FRAMEWORK_HEADER = YES;
				CLANG_WARN_RANGE_LOOP_ANALYSIS = YES;
				CLANG_WARN_STRICT_PROTOTYPES = YES;
				CLANG_WARN_SUSPICIOUS_MOVE = YES;
				CLANG_WARN_UNGUARDED_AVAILABILITY = YES_AGGRESSIVE;
				CLANG_WARN_UNREACHABLE_CODE = YES;
				CLANG_WARN__DUPLICATE_METHOD_MATCH = YES;
				COPY_PHASE_STRIP = NO;
				DEBUG_INFORMATION_FORMAT = "dwarf-with-dsym";
				ENABLE_NS_ASSERTIONS = NO;
				ENABLE_STRICT_OBJC_MSGSEND = YES;
				GCC_C_LANGUAGE_STANDARD = gnu11;
				GCC_NO_COMMON_BLOCKS = YES;
				GCC_WARN_64_TO_32_BIT_CONVERSION = YES;
				GCC_WARN_ABOUT_RETURN_TYPE = YES_ERROR;
				GCC_WARN_UNDECLARED_SELECTOR = YES;
				GCC_WARN_UNINITIALIZED_AUTOS = YES_AGGRESSIVE;
				GCC_WARN_UNUSED_FUNCTION = YES;
				GCC_WARN_UNUSED_VARIABLE = YES;
				IPHONEOS_DEPLOYMENT_TARGET = 14.5;
				MTL_ENABLE_DEBUG_INFO = NO;
				MTL_FAST_MATH = YES;
				SDKROOT = iphoneos;
				SWIFT_COMPILATION_MODE = wholemodule;
				SWIFT_OPTIMIZATION_LEVEL = "-O";
				VALIDATE_PRODUCT = YES;
			};
			name = Release;
		};
		9992347F26A9CE5700689F8C /* Debug */ = {
			isa = XCBuildConfiguration;
			buildSettings = {
				ASSETCATALOG_COMPILER_APPICON_NAME = AppIcon;
				ASSETCATALOG_COMPILER_GLOBAL_ACCENT_COLOR_NAME = AccentColor;
				CODE_SIGN_STYLE = Automatic;
				DEVELOPMENT_TEAM = HTZ975G59X;
				INFOPLIST_FILE = Quiz_NavigationLampColor/Info.plist;
				LD_RUNPATH_SEARCH_PATHS = (
					"$(inherited)",
					"@executable_path/Frameworks",
				);
				PRODUCT_BUNDLE_IDENTIFIER = "com.he.Quiz-NavigationLampColor";
				PRODUCT_NAME = "$(TARGET_NAME)";
				SWIFT_VERSION = 5.0;
				TARGETED_DEVICE_FAMILY = "1,2";
			};
			name = Debug;
		};
		9992348026A9CE5700689F8C /* Release */ = {
			isa = XCBuildConfiguration;
			buildSettings = {
				ASSETCATALOG_COMPILER_APPICON_NAME = AppIcon;
				ASSETCATALOG_COMPILER_GLOBAL_ACCENT_COLOR_NAME = AccentColor;
				CODE_SIGN_STYLE = Automatic;
				DEVELOPMENT_TEAM = HTZ975G59X;
				INFOPLIST_FILE = Quiz_NavigationLampColor/Info.plist;
				LD_RUNPATH_SEARCH_PATHS = (
					"$(inherited)",
					"@executable_path/Frameworks",
				);
				PRODUCT_BUNDLE_IDENTIFIER = "com.he.Quiz-NavigationLampColor";
				PRODUCT_NAME = "$(TARGET_NAME)";
				SWIFT_VERSION = 5.0;
				TARGETED_DEVICE_FAMILY = "1,2";
			};
			name = Release;
		};
/* End XCBuildConfiguration section */

/* Begin XCConfigurationList section */
		9992346526A9CE5700689F8C /* Build configuration list for PBXProject "Quiz_NavigationLampColor" */ = {
			isa = XCConfigurationList;
			buildConfigurations = (
				9992347C26A9CE5700689F8C /* Debug */,
				9992347D26A9CE5700689F8C /* Release */,
			);
			defaultConfigurationIsVisible = 0;
			defaultConfigurationName = Release;
		};
		9992347E26A9CE5700689F8C /* Build configuration list for PBXNativeTarget "Quiz_NavigationLampColor" */ = {
			isa = XCConfigurationList;
			buildConfigurations = (
				9992347F26A9CE5700689F8C /* Debug */,
				9992348026A9CE5700689F8C /* Release */,
			);
			defaultConfigurationIsVisible = 0;
			defaultConfigurationName = Release;
		};
/* End XCConfigurationList section */
	};
	rootObject = 9992346226A9CE5700689F8C /* Project object */;
}
