// !$*UTF8*$!
{
	archiveVersion = 1;
	classes = {
	};
	objectVersion = 50;
	objects = {

/* Begin PBXBuildFile section */
		9992349226A9E3BC00689F8C /* AppDelegate.swift in Sources */ = {isa = PBXBuildFile; fileRef = 9992349126A9E3BC00689F8C /* AppDelegate.swift */; };
		9992349426A9E3BC00689F8C /* SceneDelegate.swift in Sources */ = {isa = PBXBuildFile; fileRef = 9992349326A9E3BC00689F8C /* SceneDelegate.swift */; };
		9992349926A9E3BC00689F8C /* Main.storyboard in Resources */ = {isa = PBXBuildFile; fileRef = 9992349726A9E3BC00689F8C /* Main.storyboard */; };
		9992349B26A9E3BC00689F8C /* Assets.xcassets in Resources */ = {isa = PBXBuildFile; fileRef = 9992349A26A9E3BC00689F8C /* Assets.xcassets */; };
		9992349E26A9E3BC00689F8C /* LaunchScreen.storyboard in Resources */ = {isa = PBXBuildFile; fileRef = 9992349C26A9E3BC00689F8C /* LaunchScreen.storyboard */; };
		999234A626A9E4F100689F8C /* TableViewController.swift in Sources */ = {isa = PBXBuildFile; fileRef = 999234A526A9E4F100689F8C /* TableViewController.swift */; };
		999234A826A9E55300689F8C /* AddViewController.swift in Sources */ = {isa = PBXBuildFile; fileRef = 999234A726A9E55300689F8C /* AddViewController.swift */; };
		999234AA26A9E56A00689F8C /* DetailViewController.swift in Sources */ = {isa = PBXBuildFile; fileRef = 999234A926A9E56A00689F8C /* DetailViewController.swift */; };
/* End PBXBuildFile section */

/* Begin PBXFileReference section */
		9992348E26A9E3BC00689F8C /* Table_P.app */ = {isa = PBXFileReference; explicitFileType = wrapper.application; includeInIndex = 0; path = Table_P.app; sourceTree = BUILT_PRODUCTS_DIR; };
		9992349126A9E3BC00689F8C /* AppDelegate.swift */ = {isa = PBXFileReference; lastKnownFileType = sourcecode.swift; path = AppDelegate.swift; sourceTree = "<group>"; };
		9992349326A9E3BC00689F8C /* SceneDelegate.swift */ = {isa = PBXFileReference; lastKnownFileType = sourcecode.swift; path = SceneDelegate.swift; sourceTree = "<group>"; };
		9992349826A9E3BC00689F8C /* Base */ = {isa = PBXFileReference; lastKnownFileType = file.storyboard; name = Base; path = Base.lproj/Main.storyboard; sourceTree = "<group>"; };
		9992349A26A9E3BC00689F8C /* Assets.xcassets */ = {isa = PBXFileReference; lastKnownFileType = folder.assetcatalog; path = Assets.xcassets; sourceTree = "<group>"; };
		9992349D26A9E3BC00689F8C /* Base */ = {isa = PBXFileReference; lastKnownFileType = file.storyboard; name = Base; path = Base.lproj/LaunchScreen.storyboard; sourceTree = "<group>"; };
		9992349F26A9E3BC00689F8C /* Info.plist */ = {isa = PBXFileReference; lastKnownFileType = text.plist.xml; path = Info.plist; sourceTree = "<group>"; };
		999234A526A9E4F100689F8C /* TableViewController.swift */ = {isa = PBXFileReference; lastKnownFileType = sourcecode.swift; path = TableViewController.swift; sourceTree = "<group>"; };
		999234A726A9E55300689F8C /* AddViewController.swift */ = {isa = PBXFileReference; lastKnownFileType = sourcecode.swift; path = AddViewController.swift; sourceTree = "<group>"; };
		999234A926A9E56A00689F8C /* DetailViewController.swift */ = {isa = PBXFileReference; lastKnownFileType = sourcecode.swift; path = DetailViewController.swift; sourceTree = "<group>"; };
/* End PBXFileReference section */

/* Begin PBXFrameworksBuildPhase section */
		9992348B26A9E3BC00689F8C /* Frameworks */ = {
			isa = PBXFrameworksBuildPhase;
			buildActionMask = 2147483647;
			files = (
			);
			runOnlyForDeploymentPostprocessing = 0;
		};
/* End PBXFrameworksBuildPhase section */

/* Begin PBXGroup section */
		9992348526A9E3BC00689F8C = {
			isa = PBXGroup;
			children = (
				9992349026A9E3BC00689F8C /* Table_P */,
				9992348F26A9E3BC00689F8C /* Products */,
			);
			sourceTree = "<group>";
		};
		9992348F26A9E3BC00689F8C /* Products */ = {
			isa = PBXGroup;
			children = (
				9992348E26A9E3BC00689F8C /* Table_P.app */,
			);
			name = Products;
			sourceTree = "<group>";
		};
		9992349026A9E3BC00689F8C /* Table_P */ = {
			isa = PBXGroup;
			children = (
				9992349126A9E3BC00689F8C /* AppDelegate.swift */,
				9992349326A9E3BC00689F8C /* SceneDelegate.swift */,
				9992349726A9E3BC00689F8C /* Main.storyboard */,
				9992349A26A9E3BC00689F8C /* Assets.xcassets */,
				9992349C26A9E3BC00689F8C /* LaunchScreen.storyboard */,
				9992349F26A9E3BC00689F8C /* Info.plist */,
				999234A526A9E4F100689F8C /* TableViewController.swift */,
				999234A726A9E55300689F8C /* AddViewController.swift */,
				999234A926A9E56A00689F8C /* DetailViewController.swift */,
			);
			path = Table_P;
			sourceTree = "<group>";
		};
/* End PBXGroup section */

/* Begin PBXNativeTarget section */
		9992348D26A9E3BC00689F8C /* Table_P */ = {
			isa = PBXNativeTarget;
			buildConfigurationList = 999234A226A9E3BC00689F8C /* Build configuration list for PBXNativeTarget "Table_P" */;
			buildPhases = (
				9992348A26A9E3BC00689F8C /* Sources */,
				9992348B26A9E3BC00689F8C /* Frameworks */,
				9992348C26A9E3BC00689F8C /* Resources */,
			);
			buildRules = (
			);
			dependencies = (
			);
			name = Table_P;
			productName = Table_P;
			productReference = 9992348E26A9E3BC00689F8C /* Table_P.app */;
			productType = "com.apple.product-type.application";
		};
/* End PBXNativeTarget section */

/* Begin PBXProject section */
		9992348626A9E3BC00689F8C /* Project object */ = {
			isa = PBXProject;
			attributes = {
				LastSwiftUpdateCheck = 1250;
				LastUpgradeCheck = 1250;
				TargetAttributes = {
					9992348D26A9E3BC00689F8C = {
						CreatedOnToolsVersion = 12.5.1;
					};
				};
			};
			buildConfigurationList = 9992348926A9E3BC00689F8C /* Build configuration list for PBXProject "Table_P" */;
			compatibilityVersion = "Xcode 9.3";
			developmentRegion = en;
			hasScannedForEncodings = 0;
			knownRegions = (
				en,
				Base,
			);
			mainGroup = 9992348526A9E3BC00689F8C;
			productRefGroup = 9992348F26A9E3BC00689F8C /* Products */;
			projectDirPath = "";
			projectRoot = "";
			targets = (
				9992348D26A9E3BC00689F8C /* Table_P */,
			);
		};
/* End PBXProject section */

/* Begin PBXResourcesBuildPhase section */
		9992348C26A9E3BC00689F8C /* Resources */ = {
			isa = PBXResourcesBuildPhase;
			buildActionMask = 2147483647;
			files = (
				9992349E26A9E3BC00689F8C /* LaunchScreen.storyboard in Resources */,
				9992349B26A9E3BC00689F8C /* Assets.xcassets in Resources */,
				9992349926A9E3BC00689F8C /* Main.storyboard in Resources */,
			);
			runOnlyForDeploymentPostprocessing = 0;
		};
/* End PBXResourcesBuildPhase section */

/* Begin PBXSourcesBuildPhase section */
		9992348A26A9E3BC00689F8C /* Sources */ = {
			isa = PBXSourcesBuildPhase;
			buildActionMask = 2147483647;
			files = (
				9992349226A9E3BC00689F8C /* AppDelegate.swift in Sources */,
				999234A626A9E4F100689F8C /* TableViewController.swift in Sources */,
				999234AA26A9E56A00689F8C /* DetailViewController.swift in Sources */,
				999234A826A9E55300689F8C /* AddViewController.swift in Sources */,
				9992349426A9E3BC00689F8C /* SceneDelegate.swift in Sources */,
			);
			runOnlyForDeploymentPostprocessing = 0;
		};
/* End PBXSourcesBuildPhase section */

/* Begin PBXVariantGroup section */
		9992349726A9E3BC00689F8C /* Main.storyboard */ = {
			isa = PBXVariantGroup;
			children = (
				9992349826A9E3BC00689F8C /* Base */,
			);
			name = Main.storyboard;
			sourceTree = "<group>";
		};
		9992349C26A9E3BC00689F8C /* LaunchScreen.storyboard */ = {
			isa = PBXVariantGroup;
			children = (
				9992349D26A9E3BC00689F8C /* Base */,
			);
			name = LaunchScreen.storyboard;
			sourceTree = "<group>";
		};
/* End PBXVariantGroup section */

/* Begin XCBuildConfiguration section */
		999234A026A9E3BC00689F8C /* Debug */ = {
			isa = XCBuildConfiguration;
			buildSettings = {
				ALWAYS_SEARCH_USER_PATHS = NO;
				CLANG_ANALYZER_NONNULL = YES;
				CLANG_ANALYZER_NUMBER_OBJECT_CONVERSION = YES_AGGRESSIVE;
				CLANG_CXX_LANGUAGE_STANDARD = "gnu++14";
				CLANG_CXX_LIBRARY = "libc++";
				CLANG_ENABLE_MODULES = YES;
				CLANG_ENABLE_OBJC_ARC = YES;
				CLANG_ENABLE_OBJC_WEAK = YES;
				CLANG_WARN_BLOCK_CAPTURE_AUTORELEASING = YES;
				CLANG_WARN_BOOL_CONVERSION = YES;
				CLANG_WARN_COMMA = YES;
				CLANG_WARN_CONSTANT_CONVERSION = YES;
				CLANG_WARN_DEPRECATED_OBJC_IMPLEMENTATIONS = YES;
				CLANG_WARN_DIRECT_OBJC_ISA_USAGE = YES_ERROR;
				CLANG_WARN_DOCUMENTATION_COMMENTS = YES;
				CLANG_WARN_EMPTY_BODY = YES;
				CLANG_WARN_ENUM_CONVERSION = YES;
				CLANG_WARN_INFINITE_RECURSION = YES;
				CLANG_WARN_INT_CONVERSION = YES;
				CLANG_WARN_NON_LITERAL_NULL_CONVERSION = YES;
				CLANG_WARN_OBJC_IMPLICIT_RETAIN_SELF = YES;
				CLANG_WARN_OBJC_LITERAL_CONVERSION = YES;
				CLANG_WARN_OBJC_ROOT_CLASS = YES_ERROR;
				CLANG_WARN_QUOTED_INCLUDE_IN_FRAMEWORK_HEADER = YES;
				CLANG_WARN_RANGE_LOOP_ANALYSIS = YES;
				CLANG_WARN_STRICT_PROTOTYPES = YES;
				CLANG_WARN_SUSPICIOUS_MOVE = YES;
				CLANG_WARN_UNGUARDED_AVAILABILITY = YES_AGGRESSIVE;
				CLANG_WARN_UNREACHABLE_CODE = YES;
				CLANG_WARN__DUPLICATE_METHOD_MATCH = YES;
				COPY_PHASE_STRIP = NO;
				DEBUG_INFORMATION_FORMAT = dwarf;
				ENABLE_STRICT_OBJC_MSGSEND = YES;
				ENABLE_TESTABILITY = YES;
				GCC_C_LANGUAGE_STANDARD = gnu11;
				GCC_DYNAMIC_NO_PIC = NO;
				GCC_NO_COMMON_BLOCKS = YES;
				GCC_OPTIMIZATION_LEVEL = 0;
				GCC_PREPROCESSOR_DEFINITIONS = (
					"DEBUG=1",
					"$(inherited)",
				);
				GCC_WARN_64_TO_32_BIT_CONVERSION = YES;
				GCC_WARN_ABOUT_RETURN_TYPE = YES_ERROR;
				GCC_WARN_UNDECLARED_SELECTOR = YES;
				GCC_WARN_UNINITIALIZED_AUTOS = YES_AGGRESSIVE;
				GCC_WARN_UNUSED_FUNCTION = YES;
				GCC_WARN_UNUSED_VARIABLE = YES;
				IPHONEOS_DEPLOYMENT_TARGET = 14.5;
				MTL_ENABLE_DEBUG_INFO = INCLUDE_SOURCE;
				MTL_FAST_MATH = YES;
				ONLY_ACTIVE_ARCH = YES;
				SDKROOT = iphoneos;
				SWIFT_ACTIVE_COMPILATION_CONDITIONS = DEBUG;
				SWIFT_OPTIMIZATION_LEVEL = "-Onone";
			};
			name = Debug;
		};
		999234A126A9E3BC00689F8C /* Release */ = {
			isa = XCBuildConfiguration;
			buildSettings = {
				ALWAYS_SEARCH_USER_PATHS = NO;
				CLANG_ANALYZER_NONNULL = YES;
				CLANG_ANALYZER_NUMBER_OBJECT_CONVERSION = YES_AGGRESSIVE;
				CLANG_CXX_LANGUAGE_STANDARD = "gnu++14";
				CLANG_CXX_LIBRARY = "libc++";
				CLANG_ENABLE_MODULES = YES;
				CLANG_ENABLE_OBJC_ARC = YES;
				CLANG_ENABLE_OBJC_WEAK = YES;
				CLANG_WARN_BLOCK_CAPTURE_AUTORELEASING = YES;
				CLANG_WARN_BOOL_CONVERSION = YES;
				CLANG_WARN_COMMA = YES;
				CLANG_WARN_CONSTANT_CONVERSION = YES;
				CLANG_WARN_DEPRECATED_OBJC_IMPLEMENTATIONS = YES;
				CLANG_WARN_DIRECT_OBJC_ISA_USAGE = YES_ERROR;
				CLANG_WARN_DOCUMENTATION_COMMENTS = YES;
				CLANG_WARN_EMPTY_BODY = YES;
				CLANG_WARN_ENUM_CONVERSION = YES;
				CLANG_WARN_INFINITE_RECURSION = YES;
				CLANG_WARN_INT_CONVERSION = YES;
				CLANG_WARN_NON_LITERAL_NULL_CONVERSION = YES;
				CLANG_WARN_OBJC_IMPLICIT_RETAIN_SELF = YES;
				CLANG_WARN_OBJC_LITERAL_CONVERSION = YES;
				CLANG_WARN_OBJC_ROOT_CLASS = YES_ERROR;
				CLANG_WARN_QUOTED_INCLUDE_IN_FRAMEWORK_HEADER = YES;
				CLANG_WARN_RANGE_LOOP_ANALYSIS = YES;
				CLANG_WARN_STRICT_PROTOTYPES = YES;
				CLANG_WARN_SUSPICIOUS_MOVE = YES;
				CLANG_WARN_UNGUARDED_AVAILABILITY = YES_AGGRESSIVE;
				CLANG_WARN_UNREACHABLE_CODE = YES;
				CLANG_WARN__DUPLICATE_METHOD_MATCH = YES;
				COPY_PHASE_STRIP = NO;
				DEBUG_INFORMATION_FORMAT = "dwarf-with-dsym";
				ENABLE_NS_ASSERTIONS = NO;
				ENABLE_STRICT_OBJC_MSGSEND = YES;
				GCC_C_LANGUAGE_STANDARD = gnu11;
				GCC_NO_COMMON_BLOCKS = YES;
				GCC_WARN_64_TO_32_BIT_CONVERSION = YES;
				GCC_WARN_ABOUT_RETURN_TYPE = YES_ERROR;
				GCC_WARN_UNDECLARED_SELECTOR = YES;
				GCC_WARN_UNINITIALIZED_AUTOS = YES_AGGRESSIVE;
				GCC_WARN_UNUSED_FUNCTION = YES;
				GCC_WARN_UNUSED_VARIABLE = YES;
				IPHONEOS_DEPLOYMENT_TARGET = 14.5;
				MTL_ENABLE_DEBUG_INFO = NO;
				MTL_FAST_MATH = YES;
				SDKROOT = iphoneos;
				SWIFT_COMPILATION_MODE = wholemodule;
				SWIFT_OPTIMIZATION_LEVEL = "-O";
				VALIDATE_PRODUCT = YES;
			};
			name = Release;
		};
		999234A326A9E3BC00689F8C /* Debug */ = {
			isa = XCBuildConfiguration;
			buildSettings = {
				ASSETCATALOG_COMPILER_APPICON_NAME = AppIcon;
				ASSETCATALOG_COMPILER_GLOBAL_ACCENT_COLOR_NAME = AccentColor;
				CODE_SIGN_STYLE = Automatic;
				DEVELOPMENT_TEAM = HTZ975G59X;
				INFOPLIST_FILE = Table_P/Info.plist;
				LD_RUNPATH_SEARCH_PATHS = (
					"$(inherited)",
					"@executable_path/Frameworks",
				);
				PRODUCT_BUNDLE_IDENTIFIER = "com.he.Table-P";
				PRODUCT_NAME = "$(TARGET_NAME)";
				SWIFT_VERSION = 5.0;
				TARGETED_DEVICE_FAMILY = "1,2";
			};
			name = Debug;
		};
		999234A426A9E3BC00689F8C /* Release */ = {
			isa = XCBuildConfiguration;
			buildSettings = {
				ASSETCATALOG_COMPILER_APPICON_NAME = AppIcon;
				ASSETCATALOG_COMPILER_GLOBAL_ACCENT_COLOR_NAME = AccentColor;
				CODE_SIGN_STYLE = Automatic;
				DEVELOPMENT_TEAM = HTZ975G59X;
				INFOPLIST_FILE = Table_P/Info.plist;
				LD_RUNPATH_SEARCH_PATHS = (
					"$(inherited)",
					"@executable_path/Frameworks",
				);
				PRODUCT_BUNDLE_IDENTIFIER = "com.he.Table-P";
				PRODUCT_NAME = "$(TARGET_NAME)";
				SWIFT_VERSION = 5.0;
				TARGETED_DEVICE_FAMILY = "1,2";
			};
			name = Release;
		};
/* End XCBuildConfiguration section */

/* Begin XCConfigurationList section */
		9992348926A9E3BC00689F8C /* Build configuration list for PBXProject "Table_P" */ = {
			isa = XCConfigurationList;
			buildConfigurations = (
				999234A026A9E3BC00689F8C /* Debug */,
				999234A126A9E3BC00689F8C /* Release */,
			);
			defaultConfigurationIsVisible = 0;
			defaultConfigurationName = Release;
		};
		999234A226A9E3BC00689F8C /* Build configuration list for PBXNativeTarget "Table_P" */ = {
			isa = XCConfigurationList;
			buildConfigurations = (
				999234A326A9E3BC00689F8C /* Debug */,
				999234A426A9E3BC00689F8C /* Release */,
			);
			defaultConfigurationIsVisible = 0;
			defaultConfigurationName = Release;
		};
/* End XCConfigurationList section */
	};
	rootObject = 9992348626A9E3BC00689F8C /* Project object */;
}
