// !$*UTF8*$!
{
	archiveVersion = 1;
	classes = {
	};
	objectVersion = 50;
	objects = {

/* Begin PBXBuildFile section */
		99A990BA26A7EB7D00F856E0 /* AppDelegate.swift in Sources */ = {isa = PBXBuildFile; fileRef = 99A990B926A7EB7D00F856E0 /* AppDelegate.swift */; };
		99A990BC26A7EB7D00F856E0 /* SceneDelegate.swift in Sources */ = {isa = PBXBuildFile; fileRef = 99A990BB26A7EB7D00F856E0 /* SceneDelegate.swift */; };
		99A990BE26A7EB7D00F856E0 /* ViewController.swift in Sources */ = {isa = PBXBuildFile; fileRef = 99A990BD26A7EB7D00F856E0 /* ViewController.swift */; };
		99A990C126A7EB7D00F856E0 /* Main.storyboard in Resources */ = {isa = PBXBuildFile; fileRef = 99A990BF26A7EB7D00F856E0 /* Main.storyboard */; };
		99A990C326A7EB7E00F856E0 /* Assets.xcassets in Resources */ = {isa = PBXBuildFile; fileRef = 99A990C226A7EB7E00F856E0 /* Assets.xcassets */; };
		99A990C626A7EB7E00F856E0 /* LaunchScreen.storyboard in Resources */ = {isa = PBXBuildFile; fileRef = 99A990C426A7EB7E00F856E0 /* LaunchScreen.storyboard */; };
/* End PBXBuildFile section */

/* Begin PBXFileReference section */
		99A990B626A7EB7D00F856E0 /* Quiz_AlarmColorAlert_P.app */ = {isa = PBXFileReference; explicitFileType = wrapper.application; includeInIndex = 0; path = Quiz_AlarmColorAlert_P.app; sourceTree = BUILT_PRODUCTS_DIR; };
		99A990B926A7EB7D00F856E0 /* AppDelegate.swift */ = {isa = PBXFileReference; lastKnownFileType = sourcecode.swift; path = AppDelegate.swift; sourceTree = "<group>"; };
		99A990BB26A7EB7D00F856E0 /* SceneDelegate.swift */ = {isa = PBXFileReference; lastKnownFileType = sourcecode.swift; path = SceneDelegate.swift; sourceTree = "<group>"; };
		99A990BD26A7EB7D00F856E0 /* ViewController.swift */ = {isa = PBXFileReference; lastKnownFileType = sourcecode.swift; path = ViewController.swift; sourceTree = "<group>"; };
		99A990C026A7EB7D00F856E0 /* Base */ = {isa = PBXFileReference; lastKnownFileType = file.storyboard; name = Base; path = Base.lproj/Main.storyboard; sourceTree = "<group>"; };
		99A990C226A7EB7E00F856E0 /* Assets.xcassets */ = {isa = PBXFileReference; lastKnownFileType = folder.assetcatalog; path = Assets.xcassets; sourceTree = "<group>"; };
		99A990C526A7EB7E00F856E0 /* Base */ = {isa = PBXFileReference; lastKnownFileType = file.storyboard; name = Base; path = Base.lproj/LaunchScreen.storyboard; sourceTree = "<group>"; };
		99A990C726A7EB7E00F856E0 /* Info.plist */ = {isa = PBXFileReference; lastKnownFileType = text.plist.xml; path = Info.plist; sourceTree = "<group>"; };
/* End PBXFileReference section */

/* Begin PBXFrameworksBuildPhase section */
		99A990B326A7EB7D00F856E0 /* Frameworks */ = {
			isa = PBXFrameworksBuildPhase;
			buildActionMask = 2147483647;
			files = (
			);
			runOnlyForDeploymentPostprocessing = 0;
		};
/* End PBXFrameworksBuildPhase section */

/* Begin PBXGroup section */
		99A990AD26A7EB7D00F856E0 = {
			isa = PBXGroup;
			children = (
				99A990B826A7EB7D00F856E0 /* Quiz_AlarmColorAlert_P */,
				99A990B726A7EB7D00F856E0 /* Products */,
			);
			sourceTree = "<group>";
		};
		99A990B726A7EB7D00F856E0 /* Products */ = {
			isa = PBXGroup;
			children = (
				99A990B626A7EB7D00F856E0 /* Quiz_AlarmColorAlert_P.app */,
			);
			name = Products;
			sourceTree = "<group>";
		};
		99A990B826A7EB7D00F856E0 /* Quiz_AlarmColorAlert_P */ = {
			isa = PBXGroup;
			children = (
				99A990B926A7EB7D00F856E0 /* AppDelegate.swift */,
				99A990BB26A7EB7D00F856E0 /* SceneDelegate.swift */,
				99A990BD26A7EB7D00F856E0 /* ViewController.swift */,
				99A990BF26A7EB7D00F856E0 /* Main.storyboard */,
				99A990C226A7EB7E00F856E0 /* Assets.xcassets */,
				99A990C426A7EB7E00F856E0 /* LaunchScreen.storyboard */,
				99A990C726A7EB7E00F856E0 /* Info.plist */,
			);
			path = Quiz_AlarmColorAlert_P;
			sourceTree = "<group>";
		};
/* End PBXGroup section */

/* Begin PBXNativeTarget section */
		99A990B526A7EB7D00F856E0 /* Quiz_AlarmColorAlert_P */ = {
			isa = PBXNativeTarget;
			buildConfigurationList = 99A990CA26A7EB7E00F856E0 /* Build configuration list for PBXNativeTarget "Quiz_AlarmColorAlert_P" */;
			buildPhases = (
				99A990B226A7EB7D00F856E0 /* Sources */,
				99A990B326A7EB7D00F856E0 /* Frameworks */,
				99A990B426A7EB7D00F856E0 /* Resources */,
			);
			buildRules = (
			);
			dependencies = (
			);
			name = Quiz_AlarmColorAlert_P;
			productName = Quiz_AlarmColorAlert_P;
			productReference = 99A990B626A7EB7D00F856E0 /* Quiz_AlarmColorAlert_P.app */;
			productType = "com.apple.product-type.application";
		};
/* End PBXNativeTarget section */

/* Begin PBXProject section */
		99A990AE26A7EB7D00F856E0 /* Project object */ = {
			isa = PBXProject;
			attributes = {
				LastSwiftUpdateCheck = 1250;
				LastUpgradeCheck = 1250;
				TargetAttributes = {
					99A990B526A7EB7D00F856E0 = {
						CreatedOnToolsVersion = 12.5.1;
					};
				};
			};
			buildConfigurationList = 99A990B126A7EB7D00F856E0 /* Build configuration list for PBXProject "Quiz_AlarmColorAlert_P" */;
			compatibilityVersion = "Xcode 9.3";
			developmentRegion = en;
			hasScannedForEncodings = 0;
			knownRegions = (
				en,
				Base,
			);
			mainGroup = 99A990AD26A7EB7D00F856E0;
			productRefGroup = 99A990B726A7EB7D00F856E0 /* Products */;
			projectDirPath = "";
			projectRoot = "";
			targets = (
				99A990B526A7EB7D00F856E0 /* Quiz_AlarmColorAlert_P */,
			);
		};
/* End PBXProject section */

/* Begin PBXResourcesBuildPhase section */
		99A990B426A7EB7D00F856E0 /* Resources */ = {
			isa = PBXResourcesBuildPhase;
			buildActionMask = 2147483647;
			files = (
				99A990C626A7EB7E00F856E0 /* LaunchScreen.storyboard in Resources */,
				99A990C326A7EB7E00F856E0 /* Assets.xcassets in Resources */,
				99A990C126A7EB7D00F856E0 /* Main.storyboard in Resources */,
			);
			runOnlyForDeploymentPostprocessing = 0;
		};
/* End PBXResourcesBuildPhase section */

/* Begin PBXSourcesBuildPhase section */
		99A990B226A7EB7D00F856E0 /* Sources */ = {
			isa = PBXSourcesBuildPhase;
			buildActionMask = 2147483647;
			files = (
				99A990BE26A7EB7D00F856E0 /* ViewController.swift in Sources */,
				99A990BA26A7EB7D00F856E0 /* AppDelegate.swift in Sources */,
				99A990BC26A7EB7D00F856E0 /* SceneDelegate.swift in Sources */,
			);
			runOnlyForDeploymentPostprocessing = 0;
		};
/* End PBXSourcesBuildPhase section */

/* Begin PBXVariantGroup section */
		99A990BF26A7EB7D00F856E0 /* Main.storyboard */ = {
			isa = PBXVariantGroup;
			children = (
				99A990C026A7EB7D00F856E0 /* Base */,
			);
			name = Main.storyboard;
			sourceTree = "<group>";
		};
		99A990C426A7EB7E00F856E0 /* LaunchScreen.storyboard */ = {
			isa = PBXVariantGroup;
			children = (
				99A990C526A7EB7E00F856E0 /* Base */,
			);
			name = LaunchScreen.storyboard;
			sourceTree = "<group>";
		};
/* End PBXVariantGroup section */

/* Begin XCBuildConfiguration section */
		99A990C826A7EB7E00F856E0 /* Debug */ = {
			isa = XCBuildConfiguration;
			buildSettings = {
				ALWAYS_SEARCH_USER_PATHS = NO;
				CLANG_ANALYZER_NONNULL = YES;
				CLANG_ANALYZER_NUMBER_OBJECT_CONVERSION = YES_AGGRESSIVE;
				CLANG_CXX_LANGUAGE_STANDARD = "gnu++14";
				CLANG_CXX_LIBRARY = "libc++";
				CLANG_ENABLE_MODULES = YES;
				CLANG_ENABLE_OBJC_ARC = YES;
				CLANG_ENABLE_OBJC_WEAK = YES;
				CLANG_WARN_BLOCK_CAPTURE_AUTORELEASING = YES;
				CLANG_WARN_BOOL_CONVERSION = YES;
				CLANG_WARN_COMMA = YES;
				CLANG_WARN_CONSTANT_CONVERSION = YES;
				CLANG_WARN_DEPRECATED_OBJC_IMPLEMENTATIONS = YES;
				CLANG_WARN_DIRECT_OBJC_ISA_USAGE = YES_ERROR;
				CLANG_WARN_DOCUMENTATION_COMMENTS = YES;
				CLANG_WARN_EMPTY_BODY = YES;
				CLANG_WARN_ENUM_CONVERSION = YES;
				CLANG_WARN_INFINITE_RECURSION = YES;
				CLANG_WARN_INT_CONVERSION = YES;
				CLANG_WARN_NON_LITERAL_NULL_CONVERSION = YES;
				CLANG_WARN_OBJC_IMPLICIT_RETAIN_SELF = YES;
				CLANG_WARN_OBJC_LITERAL_CONVERSION = YES;
				CLANG_WARN_OBJC_ROOT_CLASS = YES_ERROR;
				CLANG_WARN_QUOTED_INCLUDE_IN_FRAMEWORK_HEADER = YES;
				CLANG_WARN_RANGE_LOOP_ANALYSIS = YES;
				CLANG_WARN_STRICT_PROTOTYPES = YES;
				CLANG_WARN_SUSPICIOUS_MOVE = YES;
				CLANG_WARN_UNGUARDED_AVAILABILITY = YES_AGGRESSIVE;
				CLANG_WARN_UNREACHABLE_CODE = YES;
				CLANG_WARN__DUPLICATE_METHOD_MATCH = YES;
				COPY_PHASE_STRIP = NO;
				DEBUG_INFORMATION_FORMAT = dwarf;
				ENABLE_STRICT_OBJC_MSGSEND = YES;
				ENABLE_TESTABILITY = YES;
				GCC_C_LANGUAGE_STANDARD = gnu11;
				GCC_DYNAMIC_NO_PIC = NO;
				GCC_NO_COMMON_BLOCKS = YES;
				GCC_OPTIMIZATION_LEVEL = 0;
				GCC_PREPROCESSOR_DEFINITIONS = (
					"DEBUG=1",
					"$(inherited)",
				);
				GCC_WARN_64_TO_32_BIT_CONVERSION = YES;
				GCC_WARN_ABOUT_RETURN_TYPE = YES_ERROR;
				GCC_WARN_UNDECLARED_SELECTOR = YES;
				GCC_WARN_UNINITIALIZED_AUTOS = YES_AGGRESSIVE;
				GCC_WARN_UNUSED_FUNCTION = YES;
				GCC_WARN_UNUSED_VARIABLE = YES;
				IPHONEOS_DEPLOYMENT_TARGET = 14.5;
				MTL_ENABLE_DEBUG_INFO = INCLUDE_SOURCE;
				MTL_FAST_MATH = YES;
				ONLY_ACTIVE_ARCH = YES;
				SDKROOT = iphoneos;
				SWIFT_ACTIVE_COMPILATION_CONDITIONS = DEBUG;
				SWIFT_OPTIMIZATION_LEVEL = "-Onone";
			};
			name = Debug;
		};
		99A990C926A7EB7E00F856E0 /* Release */ = {
			isa = XCBuildConfiguration;
			buildSettings = {
				ALWAYS_SEARCH_USER_PATHS = NO;
				CLANG_ANALYZER_NONNULL = YES;
				CLANG_ANALYZER_NUMBER_OBJECT_CONVERSION = YES_AGGRESSIVE;
				CLANG_CXX_LANGUAGE_STANDARD = "gnu++14";
				CLANG_CXX_LIBRARY = "libc++";
				CLANG_ENABLE_MODULES = YES;
				CLANG_ENABLE_OBJC_ARC = YES;
				CLANG_ENABLE_OBJC_WEAK = YES;
				CLANG_WARN_BLOCK_CAPTURE_AUTORELEASING = YES;
				CLANG_WARN_BOOL_CONVERSION = YES;
				CLANG_WARN_COMMA = YES;
				CLANG_WARN_CONSTANT_CONVERSION = YES;
				CLANG_WARN_DEPRECATED_OBJC_IMPLEMENTATIONS = YES;
				CLANG_WARN_DIRECT_OBJC_ISA_USAGE = YES_ERROR;
				CLANG_WARN_DOCUMENTATION_COMMENTS = YES;
				CLANG_WARN_EMPTY_BODY = YES;
				CLANG_WARN_ENUM_CONVERSION = YES;
				CLANG_WARN_INFINITE_RECURSION = YES;
				CLANG_WARN_INT_CONVERSION = YES;
				CLANG_WARN_NON_LITERAL_NULL_CONVERSION = YES;
				CLANG_WARN_OBJC_IMPLICIT_RETAIN_SELF = YES;
				CLANG_WARN_OBJC_LITERAL_CONVERSION = YES;
				CLANG_WARN_OBJC_ROOT_CLASS = YES_ERROR;
				CLANG_WARN_QUOTED_INCLUDE_IN_FRAMEWORK_HEADER = YES;
				CLANG_WARN_RANGE_LOOP_ANALYSIS = YES;
				CLANG_WARN_STRICT_PROTOTYPES = YES;
				CLANG_WARN_SUSPICIOUS_MOVE = YES;
				CLANG_WARN_UNGUARDED_AVAILABILITY = YES_AGGRESSIVE;
				CLANG_WARN_UNREACHABLE_CODE = YES;
				CLANG_WARN__DUPLICATE_METHOD_MATCH = YES;
				COPY_PHASE_STRIP = NO;
				DEBUG_INFORMATION_FORMAT = "dwarf-with-dsym";
				ENABLE_NS_ASSERTIONS = NO;
				ENABLE_STRICT_OBJC_MSGSEND = YES;
				GCC_C_LANGUAGE_STANDARD = gnu11;
				GCC_NO_COMMON_BLOCKS = YES;
				GCC_WARN_64_TO_32_BIT_CONVERSION = YES;
				GCC_WARN_ABOUT_RETURN_TYPE = YES_ERROR;
				GCC_WARN_UNDECLARED_SELECTOR = YES;
				GCC_WARN_UNINITIALIZED_AUTOS = YES_AGGRESSIVE;
				GCC_WARN_UNUSED_FUNCTION = YES;
				GCC_WARN_UNUSED_VARIABLE = YES;
				IPHONEOS_DEPLOYMENT_TARGET = 14.5;
				MTL_ENABLE_DEBUG_INFO = NO;
				MTL_FAST_MATH = YES;
				SDKROOT = iphoneos;
				SWIFT_COMPILATION_MODE = wholemodule;
				SWIFT_OPTIMIZATION_LEVEL = "-O";
				VALIDATE_PRODUCT = YES;
			};
			name = Release;
		};
		99A990CB26A7EB7E00F856E0 /* Debug */ = {
			isa = XCBuildConfiguration;
			buildSettings = {
				ASSETCATALOG_COMPILER_APPICON_NAME = AppIcon;
				ASSETCATALOG_COMPILER_GLOBAL_ACCENT_COLOR_NAME = AccentColor;
				CODE_SIGN_STYLE = Automatic;
				DEVELOPMENT_TEAM = HTZ975G59X;
				INFOPLIST_FILE = Quiz_AlarmColorAlert_P/Info.plist;
				LD_RUNPATH_SEARCH_PATHS = (
					"$(inherited)",
					"@executable_path/Frameworks",
				);
				PRODUCT_BUNDLE_IDENTIFIER = "com.he.Quiz-AlarmColorAlert-P";
				PRODUCT_NAME = "$(TARGET_NAME)";
				SWIFT_VERSION = 5.0;
				TARGETED_DEVICE_FAMILY = "1,2";
			};
			name = Debug;
		};
		99A990CC26A7EB7E00F856E0 /* Release */ = {
			isa = XCBuildConfiguration;
			buildSettings = {
				ASSETCATALOG_COMPILER_APPICON_NAME = AppIcon;
				ASSETCATALOG_COMPILER_GLOBAL_ACCENT_COLOR_NAME = AccentColor;
				CODE_SIGN_STYLE = Automatic;
				DEVELOPMENT_TEAM = HTZ975G59X;
				INFOPLIST_FILE = Quiz_AlarmColorAlert_P/Info.plist;
				LD_RUNPATH_SEARCH_PATHS = (
					"$(inherited)",
					"@executable_path/Frameworks",
				);
				PRODUCT_BUNDLE_IDENTIFIER = "com.he.Quiz-AlarmColorAlert-P";
				PRODUCT_NAME = "$(TARGET_NAME)";
				SWIFT_VERSION = 5.0;
				TARGETED_DEVICE_FAMILY = "1,2";
			};
			name = Release;
		};
/* End XCBuildConfiguration section */

/* Begin XCConfigurationList section */
		99A990B126A7EB7D00F856E0 /* Build configuration list for PBXProject "Quiz_AlarmColorAlert_P" */ = {
			isa = XCConfigurationList;
			buildConfigurations = (
				99A990C826A7EB7E00F856E0 /* Debug */,
				99A990C926A7EB7E00F856E0 /* Release */,
			);
			defaultConfigurationIsVisible = 0;
			defaultConfigurationName = Release;
		};
		99A990CA26A7EB7E00F856E0 /* Build configuration list for PBXNativeTarget "Quiz_AlarmColorAlert_P" */ = {
			isa = XCConfigurationList;
			buildConfigurations = (
				99A990CB26A7EB7E00F856E0 /* Debug */,
				99A990CC26A7EB7E00F856E0 /* Release */,
			);
			defaultConfigurationIsVisible = 0;
			defaultConfigurationName = Release;
		};
/* End XCConfigurationList section */
	};
	rootObject = 99A990AE26A7EB7D00F856E0 /* Project object */;
}
